// !$*UTF8*$!
{
	archiveVersion = 1;
	classes = {
	};
	objectVersion = 56;
	objects = {

/* Begin PBXBuildFile section */
		E8FA0101223344556677889900000001 /* BlurAdaptiveCameraApp.swift in Sources */ = {isa = PBXBuildFile; fileRef = E8FA0101223344556677889900000011 /* BlurAdaptiveCameraApp.swift */; };
		E8FA0101223344556677889900000002 /* ContentView.swift in Sources */ = {isa = PBXBuildFile; fileRef = E8FA0101223344556677889900000012 /* ContentView.swift */; };
		E8FA0101223344556677889900000003 /* CameraSession.swift in Sources */ = {isa = PBXBuildFile; fileRef = E8FA0101223344556677889900000013 /* CameraSession.swift */; };
		E8FA0101223344556677889900000004 /* BlurAnalyzer.swift in Sources */ = {isa = PBXBuildFile; fileRef = E8FA0101223344556677889900000014 /* BlurAnalyzer.swift */; };
		E8FA0101223344556677889900000005 /* SharpenPipeline.swift in Sources */ = {isa = PBXBuildFile; fileRef = E8FA0101223344556677889900000015 /* SharpenPipeline.swift */; };
		E8FA0101223344556677889900000006 /* FaceOverlayDetector.swift in Sources */ = {isa = PBXBuildFile; fileRef = E8FA0101223344556677889900000016 /* FaceOverlayDetector.swift */; };
		E8FA0101223344556677889900000007 /* CameraViewModel.swift in Sources */ = {isa = PBXBuildFile; fileRef = E8FA0101223344556677889900000017 /* CameraViewModel.swift */; };
		E8FA0101223344556677889900000008 /* Assets.xcassets in Resources */ = {isa = PBXBuildFile; fileRef = E8FA0101223344556677889900000018 /* Assets.xcassets */; };
/* End PBXBuildFile section */

/* Begin PBXFileReference section */
		E8FA0101223344556677889900000021 /* BlurAdaptiveCamera.app */ = {isa = PBXFileReference; explicitFileType = wrapper.application; includeInIndex = 0; path = BlurAdaptiveCamera.app; sourceTree = BUILT_PRODUCTS_DIR; };
		E8FA0101223344556677889900000011 /* BlurAdaptiveCameraApp.swift */ = {isa = PBXFileReference; lastKnownFileType = sourcecode.swift; path = BlurAdaptiveCameraApp.swift; sourceTree = "<group>"; };
		E8FA0101223344556677889900000012 /* ContentView.swift */ = {isa = PBXFileReference; lastKnownFileType = sourcecode.swift; path = ContentView.swift; sourceTree = "<group>"; };
		E8FA0101223344556677889900000013 /* CameraSession.swift */ = {isa = PBXFileReference; lastKnownFileType = sourcecode.swift; path = CameraSession.swift; sourceTree = "<group>"; };
		E8FA0101223344556677889900000014 /* BlurAnalyzer.swift */ = {isa = PBXFileReference; lastKnownFileType = sourcecode.swift; path = BlurAnalyzer.swift; sourceTree = "<group>"; };
		E8FA0101223344556677889900000015 /* SharpenPipeline.swift */ = {isa = PBXFileReference; lastKnownFileType = sourcecode.swift; path = SharpenPipeline.swift; sourceTree = "<group>"; };
		E8FA0101223344556677889900000016 /* FaceOverlayDetector.swift */ = {isa = PBXFileReference; lastKnownFileType = sourcecode.swift; path = FaceOverlayDetector.swift; sourceTree = "<group>"; };
		E8FA0101223344556677889900000017 /* CameraViewModel.swift */ = {isa = PBXFileReference; lastKnownFileType = sourcecode.swift; path = CameraViewModel.swift; sourceTree = "<group>"; };
		E8FA0101223344556677889900000018 /* Assets.xcassets */ = {isa = PBXFileReference; lastKnownFileType = folder.assetcatalog; path = Assets.xcassets; sourceTree = "<group>"; };
/* End PBXFileReference section */

/* Begin PBXFrameworksBuildPhase section */
		E8FA0101223344556677889900000030 /* Frameworks */ = {
			isa = PBXFrameworksBuildPhase;
			buildActionMask = 2147483647;
			files = (
			);
			runOnlyForDeploymentPostprocessing = 0;
		};
/* End PBXFrameworksBuildPhase section */

/* Begin PBXGroup section */
		E8FA0101223344556677889900000041 = {
			isa = PBXGroup;
			children = (
				E8FA0101223344556677889900000042 /* BlurAdaptiveCamera */,
				E8FA0101223344556677889900000043 /* Products */,
			);
			sourceTree = "<group>";
		};
		E8FA0101223344556677889900000042 /* BlurAdaptiveCamera */ = {
			isa = PBXGroup;
			children = (
				E8FA0101223344556677889900000011 /* BlurAdaptiveCameraApp.swift */,
				E8FA0101223344556677889900000012 /* ContentView.swift */,
				E8FA0101223344556677889900000013 /* CameraSession.swift */,
				E8FA0101223344556677889900000014 /* BlurAnalyzer.swift */,
				E8FA0101223344556677889900000015 /* SharpenPipeline.swift */,
				E8FA0101223344556677889900000016 /* FaceOverlayDetector.swift */,
				E8FA0101223344556677889900000017 /* CameraViewModel.swift */,
				E8FA0101223344556677889900000018 /* Assets.xcassets */,
			);
			path = BlurAdaptiveCamera;
			sourceTree = "<group>";
		};
		E8FA0101223344556677889900000043 /* Products */ = {
			isa = PBXGroup;
			children = (
				E8FA0101223344556677889900000021 /* BlurAdaptiveCamera.app */,
			);
			name = Products;
			sourceTree = "<group>";
		};
/* End PBXGroup section */

/* Begin PBXNativeTarget section */
		E8FA0101223344556677889900000050 /* BlurAdaptiveCamera */ = {
			isa = PBXNativeTarget;
			buildConfigurationList = E8FA0101223344556677889900000092 /* Build configuration list for PBXNativeTarget "BlurAdaptiveCamera" */;
			buildPhases = (
				E8FA0101223344556677889900000060 /* Sources */,
				E8FA0101223344556677889900000030 /* Frameworks */,
				E8FA0101223344556677889900000070 /* Resources */,
			);
			buildRules = (
			);
			dependencies = (
			);
			name = BlurAdaptiveCamera;
			productName = BlurAdaptiveCamera;
			productReference = E8FA0101223344556677889900000021 /* BlurAdaptiveCamera.app */;
			productType = "com.apple.product-type.application";
		};
/* End PBXNativeTarget section */

/* Begin PBXProject section */
		E8FA0101223344556677889900000080 /* Project object */ = {
			isa = PBXProject;
			attributes = {
				BuildIndependentTargetsInParallel = 1;
				LastSwiftUpdateCheck = 1500;
				LastUpgradeCheck = 1500;
				TargetAttributes = {
					E8FA0101223344556677889900000050 = {
						CreatedOnToolsVersion = 15.0;
					};
				};
			};
			buildConfigurationList = E8FA0101223344556677889900000091 /* Build configuration list for PBXProject "BlurAdaptiveCamera" */;
			compatibilityVersion = "Xcode 14.0";
			developmentRegion = en;
			hasScannedForEncodings = 0;
			knownRegions = (
				en,
				Base,
				ru,
			);
			mainGroup = E8FA0101223344556677889900000041;
			productRefGroup = E8FA0101223344556677889900000043 /* Products */;
			projectDirPath = "";
			projectRoot = "";
			targets = (
				E8FA0101223344556677889900000050 /* BlurAdaptiveCamera */,
			);
		};
/* End PBXProject section */

/* Begin PBXResourcesBuildPhase section */
		E8FA0101223344556677889900000070 /* Resources */ = {
			isa = PBXResourcesBuildPhase;
			buildActionMask = 2147483647;
			files = (
				E8FA0101223344556677889900000008 /* Assets.xcassets in Resources */,
			);
			runOnlyForDeploymentPostprocessing = 0;
		};
/* End PBXResourcesBuildPhase section */

/* Begin PBXSourcesBuildPhase section */
		E8FA0101223344556677889900000060 /* Sources */ = {
			isa = PBXSourcesBuildPhase;
			buildActionMask = 2147483647;
			files = (
				E8FA0101223344556677889900000001 /* BlurAdaptiveCameraApp.swift in Sources */,
				E8FA0101223344556677889900000002 /* ContentView.swift in Sources */,
				E8FA0101223344556677889900000003 /* CameraSession.swift in Sources */,
				E8FA0101223344556677889900000004 /* BlurAnalyzer.swift in Sources */,
				E8FA0101223344556677889900000005 /* SharpenPipeline.swift in Sources */,
				E8FA0101223344556677889900000006 /* FaceOverlayDetector.swift in Sources */,
				E8FA0101223344556677889900000007 /* CameraViewModel.swift in Sources */,
			);
			runOnlyForDeploymentPostprocessing = 0;
		};
/* End PBXSourcesBuildPhase section */

/* Begin XCBuildConfiguration section */
		E8FA01012233445566778899000000A1 /* Debug */ = {
			isa = XCBuildConfiguration;
			buildSettings = {
				ALWAYS_SEARCH_USER_PATHS = NO;
				ASSETCATALOG_COMPILER_GENERATE_SWIFT_ASSET_SYMBOL_EXTENSIONS = YES;
				CLANG_ANALYZER_NONNULL = YES;
				CLANG_ANALYZER_NUMBER_OBJECT_CONVERSION = YES_AGGRESSIVE;
				CLANG_CXX_LANGUAGE_STANDARD = "gnu++20";
				CLANG_ENABLE_MODULES = YES;
				CLANG_ENABLE_OBJC_ARC = YES;
				CLANG_ENABLE_OBJC_WEAK = YES;
				CLANG_WARN_BLOCK_CAPTURE_AUTORELEASING = YES;
				CLANG_WARN_BOOL_CONVERSION = YES;
				CLANG_WARN_COMMA = YES;
				CLANG_WARN_CONSTANT_CONVERSION = YES;
				CLANG_WARN_DEPRECATED_OBJC_IMPLEMENTATIONS = YES;
				CLANG_WARN_DIRECT_OBJC_ISA_USAGE = YES_ERROR;
				CLANG_WARN_DOCUMENTATION_COMMENTS = YES;
				CLANG_WARN_EMPTY_BODY = YES;
				CLANG_WARN_ENUM_CONVERSION = YES;
				CLANG_WARN_INFINITE_RECURSION = YES;
				CLANG_WARN_INT_CONVERSION = YES;
				CLANG_WARN_NON_LITERAL_NULL_CONVERSION = YES;
				CLANG_WARN_OBJC_IMPLICIT_RETAIN_SELF = YES;
				CLANG_WARN_OBJC_LITERAL_CONVERSION = YES;
				CLANG_WARN_OBJC_ROOT_CLASS = YES_ERROR;
				CLANG_WARN_QUOTED_INCLUDE_IN_FRAMEWORK_HEADER = YES;
				CLANG_WARN_RANGE_LOOP_ANALYSIS = YES;
				CLANG_WARN_STRICT_PROTOTYPES = YES;
				CLANG_WARN_SUSPICIOUS_MOVE = YES;
				CLANG_WARN_UNGUARDED_AVAILABILITY = YES_AGGRESSIVE;
				CLANG_WARN_UNREACHABLE_CODE = YES;
				CLANG_WARN__DUPLICATE_METHOD_MATCH = YES;
				COPY_PHASE_STRIP = NO;
				DEBUG_INFORMATION_FORMAT = dwarf;
				ENABLE_STRICT_OBJC_MSGSEND = YES;
				ENABLE_TESTABILITY = YES;
				ENABLE_USER_SCRIPT_SANDBOXING = YES;
				GCC_C_LANGUAGE_STANDARD = gnu17;
				GCC_DYNAMIC_NO_PIC = NO;
				GCC_NO_COMMON_BLOCKS = YES;
				GCC_OPTIMIZATION_LEVEL = 0;
				GCC_PREPROCESSOR_DEFINITIONS = (
					"DEBUG=1",
					"$(inherited)",
				);
				GCC_WARN_64_TO_32_BIT_CONVERSION = YES;
				GCC_WARN_ABOUT_RETURN_TYPE = YES_ERROR;
				GCC_WARN_UNDECLARED_SELECTOR = YES;
				GCC_WARN_UNINITIALIZED_AUTOS = YES_AGGRESSIVE;
				GCC_WARN_UNUSED_FUNCTION = YES;
				GCC_WARN_UNUSED_VARIABLE = YES;
				IPHONEOS_DEPLOYMENT_TARGET = 16.0;
				LOCALIZATION_PREFERS_STRING_CATALOGS = YES;
				MTL_ENABLE_DEBUG_INFO = INCLUDE_SOURCE;
				MTL_FAST_MATH = YES;
				ONLY_ACTIVE_ARCH = YES;
				SDKROOT = iphoneos;
				SWIFT_ACTIVE_COMPILATION_CONDITIONS = "DEBUG $(inherited)";
				SWIFT_OPTIMIZATION_LEVEL = "-Onone";
			};
			name = Debug;
		};
		E8FA01012233445566778899000000A2 /* Release */ = {
			isa = XCBuildConfiguration;
			buildSettings = {
				ALWAYS_SEARCH_USER_PATHS = NO;
				ASSETCATALOG_COMPILER_GENERATE_SWIFT_ASSET_SYMBOL_EXTENSIONS = YES;
				CLANG_ANALYZER_NONNULL = YES;
				CLANG_ANALYZER_NUMBER_OBJECT_CONVERSION = YES_AGGRESSIVE;
				CLANG_CXX_LANGUAGE_STANDARD = "gnu++20";
				CLANG_ENABLE_MODULES = YES;
				CLANG_ENABLE_OBJC_ARC = YES;
				CLANG_ENABLE_OBJC_WEAK = YES;
				CLANG_WARN_BLOCK_CAPTURE_AUTORELEASING = YES;
				CLANG_WARN_BOOL_CONVERSION = YES;
				CLANG_WARN_COMMA = YES;
				CLANG_WARN_CONSTANT_CONVERSION = YES;
				CLANG_WARN_DEPRECATED_OBJC_IMPLEMENTATIONS = YES;
				CLANG_WARN_DIRECT_OBJC_ISA_USAGE = YES_ERROR;
				CLANG_WARN_DOCUMENTATION_COMMENTS = YES;
				CLANG_WARN_EMPTY_BODY = YES;
				CLANG_WARN_ENUM_CONVERSION = YES;
				CLANG_WARN_INFINITE_RECURSION = YES;
				CLANG_WARN_INT_CONVERSION = YES;
				CLANG_WARN_NON_LITERAL_NULL_CONVERSION = YES;
				CLANG_WARN_OBJC_IMPLICIT_RETAIN_SELF = YES;
				CLANG_WARN_OBJC_LITERAL_CONVERSION = YES;
				CLANG_WARN_OBJC_ROOT_CLASS = YES_ERROR;
				CLANG_WARN_QUOTED_INCLUDE_IN_FRAMEWORK_HEADER = YES;
				CLANG_WARN_RANGE_LOOP_ANALYSIS = YES;
				CLANG_WARN_STRICT_PROTOTYPES = YES;
				CLANG_WARN_SUSPICIOUS_MOVE = YES;
				CLANG_WARN_UNGUARDED_AVAILABILITY = YES_AGGRESSIVE;
				CLANG_WARN_UNREACHABLE_CODE = YES;
				CLANG_WARN__DUPLICATE_METHOD_MATCH = YES;
				COPY_PHASE_STRIP = NO;
				DEBUG_INFORMATION_FORMAT = "dwarf-with-dsym";
				ENABLE_NS_ASSERTIONS = NO;
				ENABLE_STRICT_OBJC_MSGSEND = YES;
				ENABLE_USER_SCRIPT_SANDBOXING = YES;
				GCC_C_LANGUAGE_STANDARD = gnu17;
				GCC_NO_COMMON_BLOCKS = YES;
				GCC_WARN_64_TO_32_BIT_CONVERSION = YES;
				GCC_WARN_ABOUT_RETURN_TYPE = YES_ERROR;
				GCC_WARN_UNDECLARED_SELECTOR = YES;
				GCC_WARN_UNINITIALIZED_AUTOS = YES_AGGRESSIVE;
				GCC_WARN_UNUSED_FUNCTION = YES;
				GCC_WARN_UNUSED_VARIABLE = YES;
				IPHONEOS_DEPLOYMENT_TARGET = 16.0;
				LOCALIZATION_PREFERS_STRING_CATALOGS = YES;
				MTL_ENABLE_DEBUG_INFO = NO;
				MTL_FAST_MATH = YES;
				SDKROOT = iphoneos;
				SWIFT_COMPILATION_MODE = wholemodule;
				VALIDATE_PRODUCT = YES;
			};
			name = Release;
		};
		E8FA01012233445566778899000000B1 /* Debug */ = {
			isa = XCBuildConfiguration;
			buildSettings = {
				ASSETCATALOG_COMPILER_GLOBAL_ACCENT_COLOR_NAME = AccentColor;
				CODE_SIGN_STYLE = Automatic;
				CURRENT_PROJECT_VERSION = 1;
				DEVELOPMENT_TEAM = "";
				ENABLE_PREVIEWS = YES;
				GENERATE_INFOPLIST_FILE = YES;
				INFOPLIST_KEY_CFBundleDisplayName = "Blur Adaptive";
				INFOPLIST_KEY_NSCameraUsageDescription = "Приложение использует камеру для оценки размытости кадра и демонстрации адаптивной коррекции резкости в реальном времени.";
				INFOPLIST_KEY_UIApplicationSceneManifest_Generation = YES;
				INFOPLIST_KEY_UIApplicationSupportsIndirectInputEvents = YES;
				INFOPLIST_KEY_UILaunchScreen_Generation = YES;
				INFOPLIST_KEY_UISupportedInterfaceOrientations = UIInterfaceOrientationPortrait;
				INFOPLIST_KEY_UISupportedInterfaceOrientations_iPad = "UIInterfaceOrientationLandscapeLeft UIInterfaceOrientationLandscapeRight UIInterfaceOrientationPortrait UIInterfaceOrientationPortraitUpsideDown";
				LD_RUNPATH_SEARCH_PATHS = (
					"$(inherited)",
					"@executable_path/Frameworks",
				);
				MARKETING_VERSION = 1.0;
				PRODUCT_BUNDLE_IDENTIFIER = com.example.BlurAdaptiveCamera;
				PRODUCT_NAME = "$(TARGET_NAME)";
				SUPPORTED_PLATFORMS = "iphoneos iphonesimulator";
				SUPPORTS_MACCATALYST = NO;
				SWIFT_EMIT_LOC_STRINGS = YES;
				SWIFT_VERSION = 5.0;
				TARGETED_DEVICE_FAMILY = "1,2";
			};
			name = Debug;
		};
		E8FA01012233445566778899000000B2 /* Release */ = {
			isa = XCBuildConfiguration;
			buildSettings = {
				ASSETCATALOG_COMPILER_GLOBAL_ACCENT_COLOR_NAME = AccentColor;
				CODE_SIGN_STYLE = Automatic;
				CURRENT_PROJECT_VERSION = 1;
				DEVELOPMENT_TEAM = "";
				ENABLE_PREVIEWS = YES;
				GENERATE_INFOPLIST_FILE = YES;
				INFOPLIST_KEY_CFBundleDisplayName = "Blur Adaptive";
				INFOPLIST_KEY_NSCameraUsageDescription = "Приложение использует камеру для оценки размытости кадра и демонстрации адаптивной коррекции резкости в реальном времени.";
				INFOPLIST_KEY_UIApplicationSceneManifest_Generation = YES;
				INFOPLIST_KEY_UIApplicationSupportsIndirectInputEvents = YES;
				INFOPLIST_KEY_UILaunchScreen_Generation = YES;
				INFOPLIST_KEY_UISupportedInterfaceOrientations = UIInterfaceOrientationPortrait;
				INFOPLIST_KEY_UISupportedInterfaceOrientations_iPad = "UIInterfaceOrientationLandscapeLeft UIInterfaceOrientationLandscapeRight UIInterfaceOrientationPortrait UIInterfaceOrientationPortraitUpsideDown";
				LD_RUNPATH_SEARCH_PATHS = (
					"$(inherited)",
					"@executable_path/Frameworks",
				);
				MARKETING_VERSION = 1.0;
				PRODUCT_BUNDLE_IDENTIFIER = com.example.BlurAdaptiveCamera;
				PRODUCT_NAME = "$(TARGET_NAME)";
				SUPPORTED_PLATFORMS = "iphoneos iphonesimulator";
				SUPPORTS_MACCATALYST = NO;
				SWIFT_EMIT_LOC_STRINGS = YES;
				SWIFT_VERSION = 5.0;
				TARGETED_DEVICE_FAMILY = "1,2";
			};
			name = Release;
		};
/* End XCBuildConfiguration section */

/* Begin XCConfigurationList section */
		E8FA0101223344556677889900000091 /* Build configuration list for PBXProject "BlurAdaptiveCamera" */ = {
			isa = XCConfigurationList;
			buildConfigurations = (
				E8FA01012233445566778899000000A1 /* Debug */,
				E8FA01012233445566778899000000A2 /* Release */,
			);
			defaultConfigurationIsVisible = 0;
			defaultConfigurationName = Release;
		};
		E8FA0101223344556677889900000092 /* Build configuration list for PBXNativeTarget "BlurAdaptiveCamera" */ = {
			isa = XCConfigurationList;
			buildConfigurations = (
				E8FA01012233445566778899000000B1 /* Debug */,
				E8FA01012233445566778899000000B2 /* Release */,
			);
			defaultConfigurationIsVisible = 0;
			defaultConfigurationName = Release;
		};
/* End XCConfigurationList section */
	};
	rootObject = E8FA0101223344556677889900000080 /* Project object */;
}
